Microsoft Visual Studio Solution File, Format Version 12.00
# Visual Studio Version 17
VisualStudioVersion = 17.0.31314.256
MinimumVisualStudioVersion = 10.0.40219.1
Project("{2150E333-8FDC-42A3-9474-1A3956D46DE8}") = "Engine", "Engine", "{233774A8-CC9D-3FA9-86D1-90573E92B704}"
EndProject
Project("{8BC9CEB8-8B4A-11D0-8D11-00A0C91BC942}") = "UE5", "Intermediate\ProjectFiles\UE5.vcxproj", "{40FD2658-012A-38F4-BB73-3D2605639CA1}"
EndProject
Project("{2150E333-8FDC-42A3-9474-1A3956D46DE8}") = "Games", "Games", "{DE1F8B53-6C02-3C13-9101-A7C8D96F3FF6}"
EndProject
Project("{8BC9CEB8-8B4A-11D0-8D11-00A0C91BC942}") = "jinzza", "Intermediate\ProjectFiles\jinzza.vcxproj", "{6F298485-5442-32F0-B08D-6D42DFAF2BEC}"
EndProject
Project("{2150E333-8FDC-42A3-9474-1A3956D46DE8}") = "Visualizers", "Visualizers", "{1CCEC849-CC72-4C59-8C36-2F7C38706D4C}"
	ProjectSection(SolutionItems) = preProject
		..\..\..\..\..\..\Program Files\Epic Games\UE_5.8\Engine\Extras\VisualStudioDebugging\Unreal.natvis = ..\..\..\..\..\..\Program Files\Epic Games\UE_5.8\Engine\Extras\VisualStudioDebugging\Unreal.natvis
		..\..\..\..\..\..\Program Files\Epic Games\UE_5.8\Engine\Extras\VisualStudioDebugging\Unreal.natstepfilter = ..\..\..\..\..\..\Program Files\Epic Games\UE_5.8\Engine\Extras\VisualStudioDebugging\Unreal.natstepfilter
		..\..\..\..\..\..\Program Files\Epic Games\UE_5.8\Engine\Extras\VisualStudioDebugging\Unreal.natjmc = ..\..\..\..\..\..\Program Files\Epic Games\UE_5.8\Engine\Extras\VisualStudioDebugging\Unreal.natjmc
	EndProjectSection
EndProject
Global
	GlobalSection(SolutionConfigurationPlatforms) = preSolution
		DebugGame Editor|Android = DebugGame Editor|Android
		DebugGame Editor|Android-arm64 = DebugGame Editor|Android-arm64
		DebugGame Editor|Android-x64 = DebugGame Editor|Android-x64
		DebugGame Editor|Win64 = DebugGame Editor|Win64
		DebugGame Editor|Win64-arm64 = DebugGame Editor|Win64-arm64
		DebugGame Editor|Win64-arm64ec = DebugGame Editor|Win64-arm64ec
		DebugGame|Android = DebugGame|Android
		DebugGame|Android-arm64 = DebugGame|Android-arm64
		DebugGame|Android-x64 = DebugGame|Android-x64
		DebugGame|Win64 = DebugGame|Win64
		DebugGame|Win64-arm64 = DebugGame|Win64-arm64
		DebugGame|Win64-arm64ec = DebugGame|Win64-arm64ec
		Development Editor|Android = Development Editor|Android
		Development Editor|Android-arm64 = Development Editor|Android-arm64
		Development Editor|Android-x64 = Development Editor|Android-x64
		Development Editor|Win64 = Development Editor|Win64
		Development Editor|Win64-arm64 = Development Editor|Win64-arm64
		Development Editor|Win64-arm64ec = Development Editor|Win64-arm64ec
		Development|Android = Development|Android
		Development|Android-arm64 = Development|Android-arm64
		Development|Android-x64 = Development|Android-x64
		Development|Win64 = Development|Win64
		Development|Win64-arm64 = Development|Win64-arm64
		Development|Win64-arm64ec = Development|Win64-arm64ec
		Shipping|Android = Shipping|Android
		Shipping|Android-arm64 = Shipping|Android-arm64
		Shipping|Android-x64 = Shipping|Android-x64
		Shipping|Win64 = Shipping|Win64
		Shipping|Win64-arm64 = Shipping|Win64-arm64
		Shipping|Win64-arm64ec = Shipping|Win64-arm64ec
	EndGlobalSection
	GlobalSection(ProjectConfigurationPlatforms) = postSolution
		{40FD2658-012A-38F4-BB73-3D2605639CA1}.DebugGame Editor|Android.ActiveCfg = BuiltWithUnrealBuildTool|Win64
		{40FD2658-012A-38F4-BB73-3D2605639CA1}.DebugGame Editor|Android-arm64.ActiveCfg = BuiltWithUnrealBuildTool|Win64
		{40FD2658-012A-38F4-BB73-3D2605639CA1}.DebugGame Editor|Android-x64.ActiveCfg = BuiltWithUnrealBuildTool|Win64
		{40FD2658-012A-38F4-BB73-3D2605639CA1}.DebugGame Editor|Win64.ActiveCfg = BuiltWithUnrealBuildTool|Win64
		{40FD2658-012A-38F4-BB73-3D2605639CA1}.DebugGame Editor|Win64-arm64.ActiveCfg = BuiltWithUnrealBuildTool|Win64
		{40FD2658-012A-38F4-BB73-3D2605639CA1}.DebugGame Editor|Win64-arm64ec.ActiveCfg = BuiltWithUnrealBuildTool|Win64
		{40FD2658-012A-38F4-BB73-3D2605639CA1}.DebugGame|Android.ActiveCfg = BuiltWithUnrealBuildTool|Win64
		{40FD2658-012A-38F4-BB73-3D2605639CA1}.DebugGame|Android-arm64.ActiveCfg = BuiltWithUnrealBuildTool|Win64
		{40FD2658-012A-38F4-BB73-3D2605639CA1}.DebugGame|Android-x64.ActiveCfg = BuiltWithUnrealBuildTool|Win64
		{40FD2658-012A-38F4-BB73-3D2605639CA1}.DebugGame|Win64.ActiveCfg = BuiltWithUnrealBuildTool|Win64
		{40FD2658-012A-38F4-BB73-3D2605639CA1}.DebugGame|Win64-arm64.ActiveCfg = BuiltWithUnrealBuildTool|Win64
		{40FD2658-012A-38F4-BB73-3D2605639CA1}.DebugGame|Win64-arm64ec.ActiveCfg = BuiltWithUnrealBuildTool|Win64
		{40FD2658-012A-38F4-BB73-3D2605639CA1}.Development Editor|Android.ActiveCfg = BuiltWithUnrealBuildTool|Win64
		{40FD2658-012A-38F4-BB73-3D2605639CA1}.Development Editor|Android-arm64.ActiveCfg = BuiltWithUnrealBuildTool|Win64
		{40FD2658-012A-38F4-BB73-3D2605639CA1}.Development Editor|Android-x64.ActiveCfg = BuiltWithUnrealBuildTool|Win64
		{40FD2658-012A-38F4-BB73-3D2605639CA1}.Development Editor|Win64.ActiveCfg = BuiltWithUnrealBuildTool|Win64
		{40FD2658-012A-38F4-BB73-3D2605639CA1}.Development Editor|Win64-arm64.ActiveCfg = BuiltWithUnrealBuildTool|Win64
		{40FD2658-012A-38F4-BB73-3D2605639CA1}.Development Editor|Win64-arm64ec.ActiveCfg = BuiltWithUnrealBuildTool|Win64
		{40FD2658-012A-38F4-BB73-3D2605639CA1}.Development|Android.ActiveCfg = BuiltWithUnrealBuildTool|Win64
		{40FD2658-012A-38F4-BB73-3D2605639CA1}.Development|Android-arm64.ActiveCfg = BuiltWithUnrealBuildTool|Win64
		{40FD2658-012A-38F4-BB73-3D2605639CA1}.Development|Android-x64.ActiveCfg = BuiltWithUnrealBuildTool|Win64
		{40FD2658-012A-38F4-BB73-3D2605639CA1}.Development|Win64.ActiveCfg = BuiltWithUnrealBuildTool|Win64
		{40FD2658-012A-38F4-BB73-3D2605639CA1}.Development|Win64-arm64.ActiveCfg = BuiltWithUnrealBuildTool|Win64
		{40FD2658-012A-38F4-BB73-3D2605639CA1}.Development|Win64-arm64ec.ActiveCfg = BuiltWithUnrealBuildTool|Win64
		{40FD2658-012A-38F4-BB73-3D2605639CA1}.Shipping|Android.ActiveCfg = BuiltWithUnrealBuildTool|Win64
		{40FD2658-012A-38F4-BB73-3D2605639CA1}.Shipping|Android-arm64.ActiveCfg = BuiltWithUnrealBuildTool|Win64
		{40FD2658-012A-38F4-BB73-3D2605639CA1}.Shipping|Android-x64.ActiveCfg = BuiltWithUnrealBuildTool|Win64
		{40FD2658-012A-38F4-BB73-3D2605639CA1}.Shipping|Win64.ActiveCfg = BuiltWithUnrealBuildTool|Win64
		{40FD2658-012A-38F4-BB73-3D2605639CA1}.Shipping|Win64-arm64.ActiveCfg = BuiltWithUnrealBuildTool|Win64
		{40FD2658-012A-38F4-BB73-3D2605639CA1}.Shipping|Win64-arm64ec.ActiveCfg = BuiltWithUnrealBuildTool|Win64
		{6F298485-5442-32F0-B08D-6D42DFAF2BEC}.DebugGame Editor|Android.ActiveCfg = Invalid|x64
		{6F298485-5442-32F0-B08D-6D42DFAF2BEC}.DebugGame Editor|Android-arm64.ActiveCfg = Invalid|x64
		{6F298485-5442-32F0-B08D-6D42DFAF2BEC}.DebugGame Editor|Android-x64.ActiveCfg = Invalid|x64
		{6F298485-5442-32F0-B08D-6D42DFAF2BEC}.DebugGame Editor|Win64.ActiveCfg = DebugGame_Editor|x64
		{6F298485-5442-32F0-B08D-6D42DFAF2BEC}.DebugGame Editor|Win64.Build.0 = DebugGame_Editor|x64
		{6F298485-5442-32F0-B08D-6D42DFAF2BEC}.DebugGame Editor|Win64-arm64.ActiveCfg = Win64_arm64_DebugGame_Editor|x64
		{6F298485-5442-32F0-B08D-6D42DFAF2BEC}.DebugGame Editor|Win64-arm64.Build.0 = Win64_arm64_DebugGame_Editor|x64
		{6F298485-5442-32F0-B08D-6D42DFAF2BEC}.DebugGame Editor|Win64-arm64ec.ActiveCfg = Win64_arm64ec_DebugGame_Editor|x64
		{6F298485-5442-32F0-B08D-6D42DFAF2BEC}.DebugGame Editor|Win64-arm64ec.Build.0 = Win64_arm64ec_DebugGame_Editor|x64
		{6F298485-5442-32F0-B08D-6D42DFAF2BEC}.DebugGame|Android.ActiveCfg = Android_arm64_DebugGame|x64
		{6F298485-5442-32F0-B08D-6D42DFAF2BEC}.DebugGame|Android.Build.0 = Android_arm64_DebugGame|x64
		{6F298485-5442-32F0-B08D-6D42DFAF2BEC}.DebugGame|Android-arm64.ActiveCfg = Android_arm64_DebugGame|x64
		{6F298485-5442-32F0-B08D-6D42DFAF2BEC}.DebugGame|Android-arm64.Build.0 = Android_arm64_DebugGame|x64
		{6F298485-5442-32F0-B08D-6D42DFAF2BEC}.DebugGame|Android-x64.ActiveCfg = Android_x64_DebugGame|x64
		{6F298485-5442-32F0-B08D-6D42DFAF2BEC}.DebugGame|Android-x64.Build.0 = Android_x64_DebugGame|x64
		{6F298485-5442-32F0-B08D-6D42DFAF2BEC}.DebugGame|Win64.ActiveCfg = DebugGame|x64
		{6F298485-5442-32F0-B08D-6D42DFAF2BEC}.DebugGame|Win64.Build.0 = DebugGame|x64
		{6F298485-5442-32F0-B08D-6D42DFAF2BEC}.DebugGame|Win64-arm64.ActiveCfg = Win64_arm64_DebugGame|x64
		{6F298485-5442-32F0-B08D-6D42DFAF2BEC}.DebugGame|Win64-arm64.Build.0 = Win64_arm64_DebugGame|x64
		{6F298485-5442-32F0-B08D-6D42DFAF2BEC}.DebugGame|Win64-arm64ec.ActiveCfg = Win64_arm64ec_DebugGame|x64
		{6F298485-5442-32F0-B08D-6D42DFAF2BEC}.DebugGame|Win64-arm64ec.Build.0 = Win64_arm64ec_DebugGame|x64
		{6F298485-5442-32F0-B08D-6D42DFAF2BEC}.Development Editor|Android.ActiveCfg = Invalid|x64
		{6F298485-5442-32F0-B08D-6D42DFAF2BEC}.Development Editor|Android-arm64.ActiveCfg = Invalid|x64
		{6F298485-5442-32F0-B08D-6D42DFAF2BEC}.Development Editor|Android-x64.ActiveCfg = Invalid|x64
		{6F298485-5442-32F0-B08D-6D42DFAF2BEC}.Development Editor|Win64.ActiveCfg = Development_Editor|x64
		{6F298485-5442-32F0-B08D-6D42DFAF2BEC}.Development Editor|Win64.Build.0 = Development_Editor|x64
		{6F298485-5442-32F0-B08D-6D42DFAF2BEC}.Development Editor|Win64-arm64.ActiveCfg = Win64_arm64_Development_Editor|x64
		{6F298485-5442-32F0-B08D-6D42DFAF2BEC}.Development Editor|Win64-arm64.Build.0 = Win64_arm64_Development_Editor|x64
		{6F298485-5442-32F0-B08D-6D42DFAF2BEC}.Development Editor|Win64-arm64ec.ActiveCfg = Win64_arm64ec_Development_Editor|x64
		{6F298485-5442-32F0-B08D-6D42DFAF2BEC}.Development Editor|Win64-arm64ec.Build.0 = Win64_arm64ec_Development_Editor|x64
		{6F298485-5442-32F0-B08D-6D42DFAF2BEC}.Development|Android.ActiveCfg = Android_arm64_Development|x64
		{6F298485-5442-32F0-B08D-6D42DFAF2BEC}.Development|Android.Build.0 = Android_arm64_Development|x64
		{6F298485-5442-32F0-B08D-6D42DFAF2BEC}.Development|Android-arm64.ActiveCfg = Android_arm64_Development|x64
		{6F298485-5442-32F0-B08D-6D42DFAF2BEC}.Development|Android-arm64.Build.0 = Android_arm64_Development|x64
		{6F298485-5442-32F0-B08D-6D42DFAF2BEC}.Development|Android-x64.ActiveCfg = Android_x64_Development|x64
		{6F298485-5442-32F0-B08D-6D42DFAF2BEC}.Development|Android-x64.Build.0 = Android_x64_Development|x64
		{6F298485-5442-32F0-B08D-6D42DFAF2BEC}.Development|Win64.ActiveCfg = Development|x64
		{6F298485-5442-32F0-B08D-6D42DFAF2BEC}.Development|Win64.Build.0 = Development|x64
		{6F298485-5442-32F0-B08D-6D42DFAF2BEC}.Development|Win64-arm64.ActiveCfg = Win64_arm64_Development|x64
		{6F298485-5442-32F0-B08D-6D42DFAF2BEC}.Development|Win64-arm64.Build.0 = Win64_arm64_Development|x64
		{6F298485-5442-32F0-B08D-6D42DFAF2BEC}.Development|Win64-arm64ec.ActiveCfg = Win64_arm64ec_Development|x64
		{6F298485-5442-32F0-B08D-6D42DFAF2BEC}.Development|Win64-arm64ec.Build.0 = Win64_arm64ec_Development|x64
		{6F298485-5442-32F0-B08D-6D42DFAF2BEC}.Shipping|Android.ActiveCfg = Android_arm64_Shipping|x64
		{6F298485-5442-32F0-B08D-6D42DFAF2BEC}.Shipping|Android.Build.0 = Android_arm64_Shipping|x64
		{6F298485-5442-32F0-B08D-6D42DFAF2BEC}.Shipping|Android-arm64.ActiveCfg = Android_arm64_Shipping|x64
		{6F298485-5442-32F0-B08D-6D42DFAF2BEC}.Shipping|Android-arm64.Build.0 = Android_arm64_Shipping|x64
		{6F298485-5442-32F0-B08D-6D42DFAF2BEC}.Shipping|Android-x64.ActiveCfg = Android_x64_Shipping|x64
		{6F298485-5442-32F0-B08D-6D42DFAF2BEC}.Shipping|Android-x64.Build.0 = Android_x64_Shipping|x64
		{6F298485-5442-32F0-B08D-6D42DFAF2BEC}.Shipping|Win64.ActiveCfg = Shipping|x64
		{6F298485-5442-32F0-B08D-6D42DFAF2BEC}.Shipping|Win64.Build.0 = Shipping|x64
		{6F298485-5442-32F0-B08D-6D42DFAF2BEC}.Shipping|Win64-arm64.ActiveCfg = Win64_arm64_Shipping|x64
		{6F298485-5442-32F0-B08D-6D42DFAF2BEC}.Shipping|Win64-arm64.Build.0 = Win64_arm64_Shipping|x64
		{6F298485-5442-32F0-B08D-6D42DFAF2BEC}.Shipping|Win64-arm64ec.ActiveCfg = Win64_arm64ec_Shipping|x64
		{6F298485-5442-32F0-B08D-6D42DFAF2BEC}.Shipping|Win64-arm64ec.Build.0 = Win64_arm64ec_Shipping|x64
	EndGlobalSection
	GlobalSection(SolutionProperties) = preSolution
		HideSolutionNode = FALSE
	EndGlobalSection
	GlobalSection(NestedProjects) = preSolution
		{40FD2658-012A-38F4-BB73-3D2605639CA1} = {233774A8-CC9D-3FA9-86D1-90573E92B704}
		{6F298485-5442-32F0-B08D-6D42DFAF2BEC} = {DE1F8B53-6C02-3C13-9101-A7C8D96F3FF6}
	EndGlobalSection
	GlobalSection(ddbf523f-7eb6-4887-bd51-85a714ff87eb) = preSolution
		AvailablePlatforms = Win64;Android
	EndGlobalSection
EndGlobal
